// !$*UTF8*$!
{
	archiveVersion = 1;
	classes = {
	};
	objectVersion = 55;
	objects = {

/* Begin PBXBuildFile section */
		51006E012805B6A40028DB91 /* EssentialFeed.docc in Sources */ = {isa = PBXBuildFile; fileRef = 51006E002805B6A40028DB91 /* EssentialFeed.docc */; };
		51006E072805B6A40028DB91 /* EssentialFeed.framework in Frameworks */ = {isa = PBXBuildFile; fileRef = 51006DFC2805B6A40028DB91 /* EssentialFeed.framework */; };
		51006E0C2805B6A40028DB91 /* EssentialFeedTests.swift in Sources */ = {isa = PBXBuildFile; fileRef = 51006E0B2805B6A40028DB91 /* EssentialFeedTests.swift */; };
		51006E0D2805B6A40028DB91 /* EssentialFeed.h in Headers */ = {isa = PBXBuildFile; fileRef = 51006DFF2805B6A40028DB91 /* EssentialFeed.h */; settings = {ATTRIBUTES = (Public, ); }; };
		51006E172805B6B30028DB91 /* FeedItem.swift in Sources */ = {isa = PBXBuildFile; fileRef = 51006E162805B6B30028DB91 /* FeedItem.swift */; };
		51006E192805B7040028DB91 /* FeedLoader.swift in Sources */ = {isa = PBXBuildFile; fileRef = 51006E182805B7040028DB91 /* FeedLoader.swift */; };
		513F641D2806FC1F00CB66BC /* RemoteFeedLoaderTests.swift in Sources */ = {isa = PBXBuildFile; fileRef = 513F641C2806FC1F00CB66BC /* RemoteFeedLoaderTests.swift */; };
		513F64202807096B00CB66BC /* RemoteFeedLoader.swift in Sources */ = {isa = PBXBuildFile; fileRef = 513F641F2807096B00CB66BC /* RemoteFeedLoader.swift */; };
		514E9E0E280CA4A9004D52DC /* FeedItemsMapper.swift in Sources */ = {isa = PBXBuildFile; fileRef = 514E9E0D280CA4A9004D52DC /* FeedItemsMapper.swift */; };
		514E9E10280CA597004D52DC /* HTTPClient.swift in Sources */ = {isa = PBXBuildFile; fileRef = 514E9E0F280CA597004D52DC /* HTTPClient.swift */; };
		514E9E13280CBE9A004D52DC /* URLSessionHTTPClientTest.swift in Sources */ = {isa = PBXBuildFile; fileRef = 514E9E11280CBE97004D52DC /* URLSessionHTTPClientTest.swift */; };
/* End PBXBuildFile section */

/* Begin PBXContainerItemProxy section */
		51006E082805B6A40028DB91 /* PBXContainerItemProxy */ = {
			isa = PBXContainerItemProxy;
			containerPortal = 51006DF32805B6A40028DB91 /* Project object */;
			proxyType = 1;
			remoteGlobalIDString = 51006DFB2805B6A40028DB91;
			remoteInfo = EssentialFeed;
		};
/* End PBXContainerItemProxy section */

/* Begin PBXFileReference section */
		51006DFC2805B6A40028DB91 /* EssentialFeed.framework */ = {isa = PBXFileReference; explicitFileType = wrapper.framework; includeInIndex = 0; path = EssentialFeed.framework; sourceTree = BUILT_PRODUCTS_DIR; };
		51006DFF2805B6A40028DB91 /* EssentialFeed.h */ = {isa = PBXFileReference; lastKnownFileType = sourcecode.c.h; path = EssentialFeed.h; sourceTree = "<group>"; };
		51006E002805B6A40028DB91 /* EssentialFeed.docc */ = {isa = PBXFileReference; lastKnownFileType = folder.documentationcatalog; path = EssentialFeed.docc; sourceTree = "<group>"; };
		51006E062805B6A40028DB91 /* EssentialFeedTests.xctest */ = {isa = PBXFileReference; explicitFileType = wrapper.cfbundle; includeInIndex = 0; path = EssentialFeedTests.xctest; sourceTree = BUILT_PRODUCTS_DIR; };
		51006E0B2805B6A40028DB91 /* EssentialFeedTests.swift */ = {isa = PBXFileReference; lastKnownFileType = sourcecode.swift; path = EssentialFeedTests.swift; sourceTree = "<group>"; };
		51006E162805B6B30028DB91 /* FeedItem.swift */ = {isa = PBXFileReference; lastKnownFileType = sourcecode.swift; path = FeedItem.swift; sourceTree = "<group>"; };
		51006E182805B7040028DB91 /* FeedLoader.swift */ = {isa = PBXFileReference; lastKnownFileType = sourcecode.swift; path = FeedLoader.swift; sourceTree = "<group>"; };
		513F641C2806FC1F00CB66BC /* RemoteFeedLoaderTests.swift */ = {isa = PBXFileReference; lastKnownFileType = sourcecode.swift; path = RemoteFeedLoaderTests.swift; sourceTree = "<group>"; };
		513F641F2807096B00CB66BC /* RemoteFeedLoader.swift */ = {isa = PBXFileReference; lastKnownFileType = sourcecode.swift; name = RemoteFeedLoader.swift; path = ../../../RemoteFeedLoader.swift; sourceTree = "<group>"; };
		514E9E0D280CA4A9004D52DC /* FeedItemsMapper.swift */ = {isa = PBXFileReference; lastKnownFileType = sourcecode.swift; path = FeedItemsMapper.swift; sourceTree = "<group>"; };
		514E9E0F280CA597004D52DC /* HTTPClient.swift */ = {isa = PBXFileReference; lastKnownFileType = sourcecode.swift; path = HTTPClient.swift; sourceTree = "<group>"; };
		514E9E11280CBE97004D52DC /* URLSessionHTTPClientTest.swift */ = {isa = PBXFileReference; lastKnownFileType = sourcecode.swift; path = URLSessionHTTPClientTest.swift; sourceTree = "<group>"; };
/* End PBXFileReference section */

/* Begin PBXFrameworksBuildPhase section */
		51006DF92805B6A40028DB91 /* Frameworks */ = {
			isa = PBXFrameworksBuildPhase;
			buildActionMask = 2147483647;
			files = (
			);
			runOnlyForDeploymentPostprocessing = 0;
		};
		51006E032805B6A40028DB91 /* Frameworks */ = {
			isa = PBXFrameworksBuildPhase;
			buildActionMask = 2147483647;
			files = (
				51006E072805B6A40028DB91 /* EssentialFeed.framework in Frameworks */,
			);
			runOnlyForDeploymentPostprocessing = 0;
		};
/* End PBXFrameworksBuildPhase section */

/* Begin PBXGroup section */
		51006DF22805B6A40028DB91 = {
			isa = PBXGroup;
			children = (
				51006DFE2805B6A40028DB91 /* EssentialFeed */,
				51006E0A2805B6A40028DB91 /* EssentialFeedTests */,
				51006DFD2805B6A40028DB91 /* Products */,
			);
			sourceTree = "<group>";
		};
		51006DFD2805B6A40028DB91 /* Products */ = {
			isa = PBXGroup;
			children = (
				51006DFC2805B6A40028DB91 /* EssentialFeed.framework */,
				51006E062805B6A40028DB91 /* EssentialFeedTests.xctest */,
			);
			name = Products;
			sourceTree = "<group>";
		};
		51006DFE2805B6A40028DB91 /* EssentialFeed */ = {
			isa = PBXGroup;
			children = (
				513F641E2807095600CB66BC /* Feed API */,
				51006E1A2805B7E00028DB91 /* Feed Feature */,
				51006DFF2805B6A40028DB91 /* EssentialFeed.h */,
				51006E002805B6A40028DB91 /* EssentialFeed.docc */,
			);
			path = EssentialFeed;
			sourceTree = "<group>";
		};
		51006E0A2805B6A40028DB91 /* EssentialFeedTests */ = {
			isa = PBXGroup;
			children = (
				51006E0B2805B6A40028DB91 /* EssentialFeedTests.swift */,
				514E9E14280CBEA1004D52DC /* Feed API */,
			);
			path = EssentialFeedTests;
			sourceTree = "<group>";
		};
		51006E1A2805B7E00028DB91 /* Feed Feature */ = {
			isa = PBXGroup;
			children = (
				51006E162805B6B30028DB91 /* FeedItem.swift */,
				51006E182805B7040028DB91 /* FeedLoader.swift */,
			);
			path = "Feed Feature";
			sourceTree = "<group>";
		};
		513F641E2807095600CB66BC /* Feed API */ = {
			isa = PBXGroup;
			children = (
				513F641F2807096B00CB66BC /* RemoteFeedLoader.swift */,
				514E9E0D280CA4A9004D52DC /* FeedItemsMapper.swift */,
				514E9E0F280CA597004D52DC /* HTTPClient.swift */,
			);
			path = "Feed API";
			sourceTree = "<group>";
		};
		514E9E14280CBEA1004D52DC /* Feed API */ = {
			isa = PBXGroup;
			children = (
				513F641C2806FC1F00CB66BC /* RemoteFeedLoaderTests.swift */,
				514E9E11280CBE97004D52DC /* URLSessionHTTPClientTest.swift */,
			);
			path = "Feed API";
			sourceTree = "<group>";
		};
/* End PBXGroup section */

/* Begin PBXHeadersBuildPhase section */
		51006DF72805B6A40028DB91 /* Headers */ = {
			isa = PBXHeadersBuildPhase;
			buildActionMask = 2147483647;
			files = (
				51006E0D2805B6A40028DB91 /* EssentialFeed.h in Headers */,
			);
			runOnlyForDeploymentPostprocessing = 0;
		};
/* End PBXHeadersBuildPhase section */

/* Begin PBXNativeTarget section */
		51006DFB2805B6A40028DB91 /* EssentialFeed */ = {
			isa = PBXNativeTarget;
			buildConfigurationList = 51006E102805B6A40028DB91 /* Build configuration list for PBXNativeTarget "EssentialFeed" */;
			buildPhases = (
				51006DF72805B6A40028DB91 /* Headers */,
				51006DF82805B6A40028DB91 /* Sources */,
				51006DF92805B6A40028DB91 /* Frameworks */,
				51006DFA2805B6A40028DB91 /* Resources */,
			);
			buildRules = (
			);
			dependencies = (
			);
			name = EssentialFeed;
			productName = EssentialFeed;
			productReference = 51006DFC2805B6A40028DB91 /* EssentialFeed.framework */;
			productType = "com.apple.product-type.framework";
		};
		51006E052805B6A40028DB91 /* EssentialFeedTests */ = {
			isa = PBXNativeTarget;
			buildConfigurationList = 51006E132805B6A40028DB91 /* Build configuration list for PBXNativeTarget "EssentialFeedTests" */;
			buildPhases = (
				51006E022805B6A40028DB91 /* Sources */,
				51006E032805B6A40028DB91 /* Frameworks */,
				51006E042805B6A40028DB91 /* Resources */,
			);
			buildRules = (
			);
			dependencies = (
				51006E092805B6A40028DB91 /* PBXTargetDependency */,
			);
			name = EssentialFeedTests;
			productName = EssentialFeedTests;
			productReference = 51006E062805B6A40028DB91 /* EssentialFeedTests.xctest */;
			productType = "com.apple.product-type.bundle.unit-test";
		};
/* End PBXNativeTarget section */

/* Begin PBXProject section */
		51006DF32805B6A40028DB91 /* Project object */ = {
			isa = PBXProject;
			attributes = {
				BuildIndependentTargetsInParallel = 1;
				LastSwiftUpdateCheck = 1330;
				LastUpgradeCheck = 1330;
				TargetAttributes = {
					51006DFB2805B6A40028DB91 = {
						CreatedOnToolsVersion = 13.3;
					};
					51006E052805B6A40028DB91 = {
						CreatedOnToolsVersion = 13.3;
					};
				};
			};
			buildConfigurationList = 51006DF62805B6A40028DB91 /* Build configuration list for PBXProject "EssentialFeed" */;
			compatibilityVersion = "Xcode 13.0";
			developmentRegion = en;
			hasScannedForEncodings = 0;
			knownRegions = (
				en,
				Base,
			);
			mainGroup = 51006DF22805B6A40028DB91;
			productRefGroup = 51006DFD2805B6A40028DB91 /* Products */;
			projectDirPath = "";
			projectRoot = "";
			targets = (
				51006DFB2805B6A40028DB91 /* EssentialFeed */,
				51006E052805B6A40028DB91 /* EssentialFeedTests */,
			);
		};
/* End PBXProject section */

/* Begin PBXResourcesBuildPhase section */
		51006DFA2805B6A40028DB91 /* Resources */ = {
			isa = PBXResourcesBuildPhase;
			buildActionMask = 2147483647;
			files = (
			);
			runOnlyForDeploymentPostprocessing = 0;
		};
		51006E042805B6A40028DB91 /* Resources */ = {
			isa = PBXResourcesBuildPhase;
			buildActionMask = 2147483647;
			files = (
			);
			runOnlyForDeploymentPostprocessing = 0;
		};
/* End PBXResourcesBuildPhase section */

/* Begin PBXSourcesBuildPhase section */
		51006DF82805B6A40028DB91 /* Sources */ = {
			isa = PBXSourcesBuildPhase;
			buildActionMask = 2147483647;
			files = (
				514E9E0E280CA4A9004D52DC /* FeedItemsMapper.swift in Sources */,
				513F64202807096B00CB66BC /* RemoteFeedLoader.swift in Sources */,
				514E9E10280CA597004D52DC /* HTTPClient.swift in Sources */,
				51006E192805B7040028DB91 /* FeedLoader.swift in Sources */,
				51006E172805B6B30028DB91 /* FeedItem.swift in Sources */,
				51006E012805B6A40028DB91 /* EssentialFeed.docc in Sources */,
			);
			runOnlyForDeploymentPostprocessing = 0;
		};
		51006E022805B6A40028DB91 /* Sources */ = {
			isa = PBXSourcesBuildPhase;
			buildActionMask = 2147483647;
			files = (
				513F641D2806FC1F00CB66BC /* RemoteFeedLoaderTests.swift in Sources */,
				51006E0C2805B6A40028DB91 /* EssentialFeedTests.swift in Sources */,
				514E9E13280CBE9A004D52DC /* URLSessionHTTPClientTest.swift in Sources */,
			);
			runOnlyForDeploymentPostprocessing = 0;
		};
/* End PBXSourcesBuildPhase section */

/* Begin PBXTargetDependency section */
		51006E092805B6A40028DB91 /* PBXTargetDependency */ = {
			isa = PBXTargetDependency;
			target = 51006DFB2805B6A40028DB91 /* EssentialFeed */;
			targetProxy = 51006E082805B6A40028DB91 /* PBXContainerItemProxy */;
		};
/* End PBXTargetDependency section */

/* Begin XCBuildConfiguration section */
		51006E0E2805B6A40028DB91 /* Debug */ = {
			isa = XCBuildConfiguration;
			buildSettings = {
				ALWAYS_SEARCH_USER_PATHS = NO;
				CLANG_ANALYZER_NONNULL = YES;
				CLANG_ANALYZER_NUMBER_OBJECT_CONVERSION = YES_AGGRESSIVE;
				CLANG_CXX_LANGUAGE_STANDARD = "gnu++17";
				CLANG_ENABLE_MODULES = YES;
				CLANG_ENABLE_OBJC_ARC = YES;
				CLANG_ENABLE_OBJC_WEAK = YES;
				CLANG_WARN_BLOCK_CAPTURE_AUTORELEASING = YES;
				CLANG_WARN_BOOL_CONVERSION = YES;
				CLANG_WARN_COMMA = YES;
				CLANG_WARN_CONSTANT_CONVERSION = YES;
				CLANG_WARN_DEPRECATED_OBJC_IMPLEMENTATIONS = YES;
				CLANG_WARN_DIRECT_OBJC_ISA_USAGE = YES_ERROR;
				CLANG_WARN_DOCUMENTATION_COMMENTS = YES;
				CLANG_WARN_EMPTY_BODY = YES;
				CLANG_WARN_ENUM_CONVERSION = YES;
				CLANG_WARN_INFINITE_RECURSION = YES;
				CLANG_WARN_INT_CONVERSION = YES;
				CLANG_WARN_NON_LITERAL_NULL_CONVERSION = YES;
				CLANG_WARN_OBJC_IMPLICIT_RETAIN_SELF = YES;
				CLANG_WARN_OBJC_LITERAL_CONVERSION = YES;
				CLANG_WARN_OBJC_ROOT_CLASS = YES_ERROR;
				CLANG_WARN_QUOTED_INCLUDE_IN_FRAMEWORK_HEADER = YES;
				CLANG_WARN_RANGE_LOOP_ANALYSIS = YES;
				CLANG_WARN_STRICT_PROTOTYPES = YES;
				CLANG_WARN_SUSPICIOUS_MOVE = YES;
				CLANG_WARN_UNGUARDED_AVAILABILITY = YES_AGGRESSIVE;
				CLANG_WARN_UNREACHABLE_CODE = YES;
				CLANG_WARN__DUPLICATE_METHOD_MATCH = YES;
				COPY_PHASE_STRIP = NO;
				CURRENT_PROJECT_VERSION = 1;
				DEBUG_INFORMATION_FORMAT = dwarf;
				ENABLE_STRICT_OBJC_MSGSEND = YES;
				ENABLE_TESTABILITY = YES;
				GCC_C_LANGUAGE_STANDARD = gnu11;
				GCC_DYNAMIC_NO_PIC = NO;
				GCC_NO_COMMON_BLOCKS = YES;
				GCC_OPTIMIZATION_LEVEL = 0;
				GCC_PREPROCESSOR_DEFINITIONS = (
					"DEBUG=1",
					"$(inherited)",
				);
				GCC_WARN_64_TO_32_BIT_CONVERSION = YES;
				GCC_WARN_ABOUT_RETURN_TYPE = YES_ERROR;
				GCC_WARN_UNDECLARED_SELECTOR = YES;
				GCC_WARN_UNINITIALIZED_AUTOS = YES_AGGRESSIVE;
				GCC_WARN_UNUSED_FUNCTION = YES;
				GCC_WARN_UNUSED_VARIABLE = YES;
				MACOSX_DEPLOYMENT_TARGET = 12.2;
				MTL_ENABLE_DEBUG_INFO = INCLUDE_SOURCE;
				MTL_FAST_MATH = YES;
				ONLY_ACTIVE_ARCH = YES;
				SDKROOT = macosx;
				SWIFT_ACTIVE_COMPILATION_CONDITIONS = DEBUG;
				SWIFT_OPTIMIZATION_LEVEL = "-Onone";
				VERSIONING_SYSTEM = "apple-generic";
				VERSION_INFO_PREFIX = "";
			};
			name = Debug;
		};
		51006E0F2805B6A40028DB91 /* Release */ = {
			isa = XCBuildConfiguration;
			buildSettings = {
				ALWAYS_SEARCH_USER_PATHS = NO;
				CLANG_ANALYZER_NONNULL = YES;
				CLANG_ANALYZER_NUMBER_OBJECT_CONVERSION = YES_AGGRESSIVE;
				CLANG_CXX_LANGUAGE_STANDARD = "gnu++17";
				CLANG_ENABLE_MODULES = YES;
				CLANG_ENABLE_OBJC_ARC = YES;
				CLANG_ENABLE_OBJC_WEAK = YES;
				CLANG_WARN_BLOCK_CAPTURE_AUTORELEASING = YES;
				CLANG_WARN_BOOL_CONVERSION = YES;
				CLANG_WARN_COMMA = YES;
				CLANG_WARN_CONSTANT_CONVERSION = YES;
				CLANG_WARN_DEPRECATED_OBJC_IMPLEMENTATIONS = YES;
				CLANG_WARN_DIRECT_OBJC_ISA_USAGE = YES_ERROR;
				CLANG_WARN_DOCUMENTATION_COMMENTS = YES;
				CLANG_WARN_EMPTY_BODY = YES;
				CLANG_WARN_ENUM_CONVERSION = YES;
				CLANG_WARN_INFINITE_RECURSION = YES;
				CLANG_WARN_INT_CONVERSION = YES;
				CLANG_WARN_NON_LITERAL_NULL_CONVERSION = YES;
				CLANG_WARN_OBJC_IMPLICIT_RETAIN_SELF = YES;
				CLANG_WARN_OBJC_LITERAL_CONVERSION = YES;
				CLANG_WARN_OBJC_ROOT_CLASS = YES_ERROR;
				CLANG_WARN_QUOTED_INCLUDE_IN_FRAMEWORK_HEADER = YES;
				CLANG_WARN_RANGE_LOOP_ANALYSIS = YES;
				CLANG_WARN_STRICT_PROTOTYPES = YES;
				CLANG_WARN_SUSPICIOUS_MOVE = YES;
				CLANG_WARN_UNGUARDED_AVAILABILITY = YES_AGGRESSIVE;
				CLANG_WARN_UNREACHABLE_CODE = YES;
				CLANG_WARN__DUPLICATE_METHOD_MATCH = YES;
				COPY_PHASE_STRIP = NO;
				CURRENT_PROJECT_VERSION = 1;
				DEBUG_INFORMATION_FORMAT = "dwarf-with-dsym";
				ENABLE_NS_ASSERTIONS = NO;
				ENABLE_STRICT_OBJC_MSGSEND = YES;
				GCC_C_LANGUAGE_STANDARD = gnu11;
				GCC_NO_COMMON_BLOCKS = YES;
				GCC_WARN_64_TO_32_BIT_CONVERSION = YES;
				GCC_WARN_ABOUT_RETURN_TYPE = YES_ERROR;
				GCC_WARN_UNDECLARED_SELECTOR = YES;
				GCC_WARN_UNINITIALIZED_AUTOS = YES_AGGRESSIVE;
				GCC_WARN_UNUSED_FUNCTION = YES;
				GCC_WARN_UNUSED_VARIABLE = YES;
				MACOSX_DEPLOYMENT_TARGET = 12.2;
				MTL_ENABLE_DEBUG_INFO = NO;
				MTL_FAST_MATH = YES;
				SDKROOT = macosx;
				SWIFT_COMPILATION_MODE = wholemodule;
				SWIFT_OPTIMIZATION_LEVEL = "-O";
				VERSIONING_SYSTEM = "apple-generic";
				VERSION_INFO_PREFIX = "";
			};
			name = Release;
		};
		51006E112805B6A40028DB91 /* Debug */ = {
			isa = XCBuildConfiguration;
			buildSettings = {
				CODE_SIGN_STYLE = Automatic;
				COMBINE_HIDPI_IMAGES = YES;
				CURRENT_PROJECT_VERSION = 1;
				DEFINES_MODULE = YES;
				DYLIB_COMPATIBILITY_VERSION = 1;
				DYLIB_CURRENT_VERSION = 1;
				DYLIB_INSTALL_NAME_BASE = "@rpath";
				GENERATE_INFOPLIST_FILE = YES;
				INFOPLIST_KEY_NSHumanReadableCopyright = "";
				INSTALL_PATH = "$(LOCAL_LIBRARY_DIR)/Frameworks";
				LD_RUNPATH_SEARCH_PATHS = (
					"$(inherited)",
					"@executable_path/../Frameworks",
					"@loader_path/Frameworks",
				);
				MARKETING_VERSION = 1.0;
				PRODUCT_BUNDLE_IDENTIFIER = com.hkmoca.EssentialFeed;
				PRODUCT_NAME = "$(TARGET_NAME:c99extidentifier)";
				SKIP_INSTALL = YES;
				SWIFT_EMIT_LOC_STRINGS = YES;
				SWIFT_VERSION = 5.0;
			};
			name = Debug;
		};
		51006E122805B6A40028DB91 /* Release */ = {
			isa = XCBuildConfiguration;
			buildSettings = {
				CODE_SIGN_STYLE = Automatic;
				COMBINE_HIDPI_IMAGES = YES;
				CURRENT_PROJECT_VERSION = 1;
				DEFINES_MODULE = YES;
				DYLIB_COMPATIBILITY_VERSION = 1;
				DYLIB_CURRENT_VERSION = 1;
				DYLIB_INSTALL_NAME_BASE = "@rpath";
				GENERATE_INFOPLIST_FILE = YES;
				INFOPLIST_KEY_NSHumanReadableCopyright = "";
				INSTALL_PATH = "$(LOCAL_LIBRARY_DIR)/Frameworks";
				LD_RUNPATH_SEARCH_PATHS = (
					"$(inherited)",
					"@executable_path/../Frameworks",
					"@loader_path/Frameworks",
				);
				MARKETING_VERSION = 1.0;
				PRODUCT_BUNDLE_IDENTIFIER = com.hkmoca.EssentialFeed;
				PRODUCT_NAME = "$(TARGET_NAME:c99extidentifier)";
				SKIP_INSTALL = YES;
				SWIFT_EMIT_LOC_STRINGS = YES;
				SWIFT_VERSION = 5.0;
			};
			name = Release;
		};
		51006E142805B6A40028DB91 /* Debug */ = {
			isa = XCBuildConfiguration;
			buildSettings = {
				ALWAYS_EMBED_SWIFT_STANDARD_LIBRARIES = YES;
				CODE_SIGN_STYLE = Automatic;
				CURRENT_PROJECT_VERSION = 1;
				GENERATE_INFOPLIST_FILE = YES;
				MARKETING_VERSION = 1.0;
				PRODUCT_BUNDLE_IDENTIFIER = com.hkmoca.EssentialFeedTests;
				PRODUCT_NAME = "$(TARGET_NAME)";
				SWIFT_EMIT_LOC_STRINGS = NO;
				SWIFT_VERSION = 5.0;
			};
			name = Debug;
		};
		51006E152805B6A40028DB91 /* Release */ = {
			isa = XCBuildConfiguration;
			buildSettings = {
				ALWAYS_EMBED_SWIFT_STANDARD_LIBRARIES = YES;
				CODE_SIGN_STYLE = Automatic;
				CURRENT_PROJECT_VERSION = 1;
				GENERATE_INFOPLIST_FILE = YES;
				MARKETING_VERSION = 1.0;
				PRODUCT_BUNDLE_IDENTIFIER = com.hkmoca.EssentialFeedTests;
				PRODUCT_NAME = "$(TARGET_NAME)";
				SWIFT_EMIT_LOC_STRINGS = NO;
				SWIFT_VERSION = 5.0;
			};
			name = Release;
		};
/* End XCBuildConfiguration section */

/* Begin XCConfigurationList section */
		51006DF62805B6A40028DB91 /* Build configuration list for PBXProject "EssentialFeed" */ = {
			isa = XCConfigurationList;
			buildConfigurations = (
				51006E0E2805B6A40028DB91 /* Debug */,
				51006E0F2805B6A40028DB91 /* Release */,
			);
			defaultConfigurationIsVisible = 0;
			defaultConfigurationName = Release;
		};
		51006E102805B6A40028DB91 /* Build configuration list for PBXNativeTarget "EssentialFeed" */ = {
			isa = XCConfigurationList;
			buildConfigurations = (
				51006E112805B6A40028DB91 /* Debug */,
				51006E122805B6A40028DB91 /* Release */,
			);
			defaultConfigurationIsVisible = 0;
			defaultConfigurationName = Release;
		};
		51006E132805B6A40028DB91 /* Build configuration list for PBXNativeTarget "EssentialFeedTests" */ = {
			isa = XCConfigurationList;
			buildConfigurations = (
				51006E142805B6A40028DB91 /* Debug */,
				51006E152805B6A40028DB91 /* Release */,
			);
			defaultConfigurationIsVisible = 0;
			defaultConfigurationName = Release;
		};
/* End XCConfigurationList section */
	};
	rootObject = 51006DF32805B6A40028DB91 /* Project object */;
}
